{
  "name": "@olibm/js1-vue",
  "version": "0.0.3",
  "lockfileVersion": 1,
  "requires": true,
  "dependencies": {
    "@olibm/js1": {
      "version": "0.0.3",
      "resolved": "https://registry.npmjs.org/@olibm/js1/-/js1-0.0.3.tgz",
      "integrity": "sha512-YnDX2IukJD/5jfb2zb7BXGUBAO5jnvmi74hCG8efgKB5f41+VvA+vsXDJzeHo0BMlV42EFpqO+gI2ZrYQr0Y2Q==",
      "requires": {
        "lodash.camelcase": "^4.3.0",
        "lodash.capitalize": "^4.2.1",
        "lodash.clamp": "^4.0.3",
        "lodash.clonedeep": "^4.0.0",
        "lodash.conformsto": "^4.15.0",
        "lodash.defaultsdeep": "^4.6.1",
        "lodash.escape": "^4.0.1",
        "lodash.escaperegexp": "^4.1.2",
        "lodash.get": "^4.4.2",
        "lodash.has": "^4.5.2",
        "lodash.isdate": "^4.0.1",
        "lodash.iselement": "^4.1.1",
        "lodash.isequal": "^4.5.0",
        "lodash.isfunction": "^3.0.9",
        "lodash.ismatchwith": "^4.4.0",
        "lodash.kebabcase": "^4.1.1",
        "lodash.keyby": "^4.6.0",
        "lodash.mapkeys": "^4.6.0",
        "lodash.mapvalues": "^4.6.0",
        "lodash.maxby": "^4.6.0",
        "lodash.meanby": "^4.10.0",
        "lodash.minby": "^4.6.0",
        "lodash.omit": "^4.5.0",
        "lodash.omitby": "^4.6.0",
        "lodash.pick": "^4.4.0",
        "lodash.pickby": "^4.6.0",
        "lodash.random": "^3.2.0",
        "lodash.set": "^4.3.2",
        "lodash.snakecase": "^4.1.1",
        "lodash.sortby": "^4.7.0",
        "lodash.sumby": "^4.6.0",
        "lodash.tosafeinteger": "^4.0.4",
        "lodash.trim": "^4.5.1",
        "lodash.trimend": "^4.5.1",
        "lodash.trimstart": "^4.5.1",
        "lodash.uniq": "^4.5.0",
        "lodash.uniqby": "^4.7.0",
        "lodash.unset": "^4.5.2",
        "lodash.upperfirst": "^4.3.1",
        "lodash.words": "^4.2.0",
        "slugify": "^1.3.6",
        "ulid": "^2.3.0"
      }
    },
    "lodash.camelcase": {
      "version": "4.3.0",
      "resolved": "https://registry.npmjs.org/lodash.camelcase/-/lodash.camelcase-4.3.0.tgz",
      "integrity": "sha1-soqmKIorn8ZRA1x3EfZathkDMaY="
    },
    "lodash.capitalize": {
      "version": "4.2.1",
      "resolved": "https://registry.npmjs.org/lodash.capitalize/-/lodash.capitalize-4.2.1.tgz",
      "integrity": "sha1-+CbJtOKoUR2E46yinbBeGk87cqk="
    },
    "lodash.clamp": {
      "version": "4.0.3",
      "resolved": "https://registry.npmjs.org/lodash.clamp/-/lodash.clamp-4.0.3.tgz",
      "integrity": "sha1-XCS+3u7vB1NWDcK0y0Zx+Qpt36o="
    },
    "lodash.clonedeep": {
      "version": "4.5.0",
      "resolved": "https://registry.npmjs.org/lodash.clonedeep/-/lodash.clonedeep-4.5.0.tgz",
      "integrity": "sha1-4j8/nE+Pvd6HJSnBBxhXoIblzO8="
    },
    "lodash.conformsto": {
      "version": "4.15.0",
      "resolved": "https://registry.npmjs.org/lodash.conformsto/-/lodash.conformsto-4.15.0.tgz",
      "integrity": "sha1-sEVEaSBL9IzTK19EoAyivt5qg7M="
    },
    "lodash.defaultsdeep": {
      "version": "4.6.1",
      "resolved": "https://registry.npmjs.org/lodash.defaultsdeep/-/lodash.defaultsdeep-4.6.1.tgz",
      "integrity": "sha512-3j8wdDzYuWO3lM3Reg03MuQR957t287Rpcxp1njpEa8oDrikb+FwGdW3n+FELh/A6qib6yPit0j/pv9G/yeAqA=="
    },
    "lodash.escape": {
      "version": "4.0.1",
      "resolved": "https://registry.npmjs.org/lodash.escape/-/lodash.escape-4.0.1.tgz",
      "integrity": "sha1-yQRGkMIeBClL6qUXcS/e0fqI3pg="
    },
    "lodash.escaperegexp": {
      "version": "4.1.2",
      "resolved": "https://registry.npmjs.org/lodash.escaperegexp/-/lodash.escaperegexp-4.1.2.tgz",
      "integrity": "sha1-ZHYsSGGAglGKw99Mz11YhtriA0c="
    },
    "lodash.get": {
      "version": "4.4.2",
      "resolved": "https://registry.npmjs.org/lodash.get/-/lodash.get-4.4.2.tgz",
      "integrity": "sha1-LRd/ZS+jHpObRDjVNBSZ36OCXpk="
    },
    "lodash.has": {
      "version": "4.5.2",
      "resolved": "https://registry.npmjs.org/lodash.has/-/lodash.has-4.5.2.tgz",
      "integrity": "sha1-0Z9NwQlQWMzL4rDN9O4P5Ko3yGI="
    },
    "lodash.isdate": {
      "version": "4.0.1",
      "resolved": "https://registry.npmjs.org/lodash.isdate/-/lodash.isdate-4.0.1.tgz",
      "integrity": "sha1-NaVDZzuddhEN5BFLMsxXcEin82Y="
    },
    "lodash.iselement": {
      "version": "4.1.1",
      "resolved": "https://registry.npmjs.org/lodash.iselement/-/lodash.iselement-4.1.1.tgz",
      "integrity": "sha1-9njU9vOpZPnsfxFfJUbz5KC6gso="
    },
    "lodash.isequal": {
      "version": "4.5.0",
      "resolved": "https://registry.npmjs.org/lodash.isequal/-/lodash.isequal-4.5.0.tgz",
      "integrity": "sha1-QVxEePK8wwEgwizhDtMib30+GOA="
    },
    "lodash.isfunction": {
      "version": "3.0.9",
      "resolved": "https://registry.npmjs.org/lodash.isfunction/-/lodash.isfunction-3.0.9.tgz",
      "integrity": "sha512-AirXNj15uRIMMPihnkInB4i3NHeb4iBtNg9WRWuK2o31S+ePwwNmDPaTL3o7dTJ+VXNZim7rFs4rxN4YU1oUJw=="
    },
    "lodash.ismatchwith": {
      "version": "4.4.0",
      "resolved": "https://registry.npmjs.org/lodash.ismatchwith/-/lodash.ismatchwith-4.4.0.tgz",
      "integrity": "sha1-PR9V8MoARHPuIRtWjl/iIPCB4ak="
    },
    "lodash.kebabcase": {
      "version": "4.1.1",
      "resolved": "https://registry.npmjs.org/lodash.kebabcase/-/lodash.kebabcase-4.1.1.tgz",
      "integrity": "sha1-hImxyw0p/4gZXM7KRI/21swpXDY="
    },
    "lodash.keyby": {
      "version": "4.6.0",
      "resolved": "https://registry.npmjs.org/lodash.keyby/-/lodash.keyby-4.6.0.tgz",
      "integrity": "sha1-f2oavak/0k4icopNNh7YvLpaQ1Q="
    },
    "lodash.mapkeys": {
      "version": "4.6.0",
      "resolved": "https://registry.npmjs.org/lodash.mapkeys/-/lodash.mapkeys-4.6.0.tgz",
      "integrity": "sha1-3yz6Ix18V8eorQA6va1dc9PqUZU="
    },
    "lodash.mapvalues": {
      "version": "4.6.0",
      "resolved": "https://registry.npmjs.org/lodash.mapvalues/-/lodash.mapvalues-4.6.0.tgz",
      "integrity": "sha1-G6+lAF3p3W9PJmaMMMo3IwzJaJw="
    },
    "lodash.maxby": {
      "version": "4.6.0",
      "resolved": "https://registry.npmjs.org/lodash.maxby/-/lodash.maxby-4.6.0.tgz",
      "integrity": "sha1-CCJABo88eiJ6oAqDgOTzjPB4bj0="
    },
    "lodash.meanby": {
      "version": "4.10.0",
      "resolved": "https://registry.npmjs.org/lodash.meanby/-/lodash.meanby-4.10.0.tgz",
      "integrity": "sha1-AjBjKNvoGjdBLNCyU4Ff371QJeg="
    },
    "lodash.minby": {
      "version": "4.6.0",
      "resolved": "https://registry.npmjs.org/lodash.minby/-/lodash.minby-4.6.0.tgz",
      "integrity": "sha1-ixBXZa6XOVSulEqAKZmbgIC9+MQ="
    },
    "lodash.omit": {
      "version": "4.5.0",
      "resolved": "https://registry.npmjs.org/lodash.omit/-/lodash.omit-4.5.0.tgz",
      "integrity": "sha1-brGa5aHuHdnfC5aeZs4Lf6MLXmA="
    },
    "lodash.omitby": {
      "version": "4.6.0",
      "resolved": "https://registry.npmjs.org/lodash.omitby/-/lodash.omitby-4.6.0.tgz",
      "integrity": "sha1-XBX/R1StVVAWtTwEExHo8HkgR5E="
    },
    "lodash.pick": {
      "version": "4.4.0",
      "resolved": "https://registry.npmjs.org/lodash.pick/-/lodash.pick-4.4.0.tgz",
      "integrity": "sha1-UvBWEP/53tQiYRRB7R/BI6AwAbM="
    },
    "lodash.pickby": {
      "version": "4.6.0",
      "resolved": "https://registry.npmjs.org/lodash.pickby/-/lodash.pickby-4.6.0.tgz",
      "integrity": "sha1-feoh2MGNdwOifHBMFdO4SmfjOv8="
    },
    "lodash.random": {
      "version": "3.2.0",
      "resolved": "https://registry.npmjs.org/lodash.random/-/lodash.random-3.2.0.tgz",
      "integrity": "sha1-luJOdjMzGZEw0sni/Vf5FwPMJi0="
    },
    "lodash.set": {
      "version": "4.3.2",
      "resolved": "https://registry.npmjs.org/lodash.set/-/lodash.set-4.3.2.tgz",
      "integrity": "sha1-2HV7HagH3eJIFrDWqEvqGnYjCyM="
    },
    "lodash.snakecase": {
      "version": "4.1.1",
      "resolved": "https://registry.npmjs.org/lodash.snakecase/-/lodash.snakecase-4.1.1.tgz",
      "integrity": "sha1-OdcUo1NXFHg3rv1ktdy7Fr7Nj40="
    },
    "lodash.sortby": {
      "version": "4.7.0",
      "resolved": "https://registry.npmjs.org/lodash.sortby/-/lodash.sortby-4.7.0.tgz",
      "integrity": "sha1-7dFMgk4sycHgsKG0K7UhBRakJDg="
    },
    "lodash.sumby": {
      "version": "4.6.0",
      "resolved": "https://registry.npmjs.org/lodash.sumby/-/lodash.sumby-4.6.0.tgz",
      "integrity": "sha1-fYdzfdshbaL35efNLdnEA6eIc0Y="
    },
    "lodash.tosafeinteger": {
      "version": "4.0.4",
      "resolved": "https://registry.npmjs.org/lodash.tosafeinteger/-/lodash.tosafeinteger-4.0.4.tgz",
      "integrity": "sha1-UDiHPwbfrjYNJ97XQfY3IyzUKio="
    },
    "lodash.trim": {
      "version": "4.5.1",
      "resolved": "https://registry.npmjs.org/lodash.trim/-/lodash.trim-4.5.1.tgz",
      "integrity": "sha1-NkJefukL5KpeJ7zruFt9EepHqlc="
    },
    "lodash.trimend": {
      "version": "4.5.1",
      "resolved": "https://registry.npmjs.org/lodash.trimend/-/lodash.trimend-4.5.1.tgz",
      "integrity": "sha1-EoBENyhrmMrYmWt5QU4RMAEUCC8="
    },
    "lodash.trimstart": {
      "version": "4.5.1",
      "resolved": "https://registry.npmjs.org/lodash.trimstart/-/lodash.trimstart-4.5.1.tgz",
      "integrity": "sha1-j/TexTLYJIavWVc8OURZFOlEp/E="
    },
    "lodash.uniq": {
      "version": "4.5.0",
      "resolved": "https://registry.npmjs.org/lodash.uniq/-/lodash.uniq-4.5.0.tgz",
      "integrity": "sha1-0CJTc662Uq3BvILklFM5qEJ1R3M="
    },
    "lodash.uniqby": {
      "version": "4.7.0",
      "resolved": "https://registry.npmjs.org/lodash.uniqby/-/lodash.uniqby-4.7.0.tgz",
      "integrity": "sha1-2ZwHpmnp5tJOE2Lf4mbGdhavEwI="
    },
    "lodash.unset": {
      "version": "4.5.2",
      "resolved": "https://registry.npmjs.org/lodash.unset/-/lodash.unset-4.5.2.tgz",
      "integrity": "sha1-Nw0dPoW3Kn4bDN8tJyEhMG8j5O0="
    },
    "lodash.upperfirst": {
      "version": "4.3.1",
      "resolved": "https://registry.npmjs.org/lodash.upperfirst/-/lodash.upperfirst-4.3.1.tgz",
      "integrity": "sha1-E2Xt9DFIBIHvDRxolXpe2Z1J984="
    },
    "lodash.words": {
      "version": "4.2.0",
      "resolved": "https://registry.npmjs.org/lodash.words/-/lodash.words-4.2.0.tgz",
      "integrity": "sha1-Xs/q+Oz4rKqODIOGKV8Zk8nPQDY="
    },
    "slugify": {
      "version": "1.3.6",
      "resolved": "https://registry.npmjs.org/slugify/-/slugify-1.3.6.tgz",
      "integrity": "sha512-wA9XS475ZmGNlEnYYLPReSfuz/c3VQsEMoU43mi6OnKMCdbnFXd4/Yg7J0lBv8jkPolacMpOrWEaoYxuE1+hoQ=="
    },
    "ulid": {
      "version": "2.3.0",
      "resolved": "https://registry.npmjs.org/ulid/-/ulid-2.3.0.tgz",
      "integrity": "sha512-keqHubrlpvT6G2wH0OEfSW4mquYRcbe/J8NMmveoQOjUqmo+hXtO+ORCpWhdbZ7k72UtY61BL7haGxW6enBnjw=="
    }
  }
}
