# THIS IS AN AUTOGENERATED FILE. DO NOT EDIT THIS FILE DIRECTLY.
# yarn lockfile v1


"@we-made/js1@^2.1.6":
  version "2.1.6"
  resolved "https://registry.yarnpkg.com/@we-made/js1/-/js1-2.1.6.tgz#3e5ad88867f47b1b4db47136bb1c7143cbdd900e"
  integrity sha512-9pWLRR/QIq4Zj8aJ7vCDYDr6gzmKdVQmNsvL4mcgnI2AjmpTJKYZyqkmrh6POJo5mE84DYEWLFLoT0GTY6uOAA==
  dependencies:
    rfdc "^1.3.0"
    ulid "^2.3.0"

dotenv@^8.2.0:
  version "8.2.0"
  resolved "https://registry.yarnpkg.com/dotenv/-/dotenv-8.2.0.tgz#97e619259ada750eea3e4ea3e26bceea5424b16a"
  integrity sha512-8sJ78ElpbDJBHNeBzUbUVLsqKdccaa/BXF1uPTw3GrvQTBgrQrtObr2mUrE38vzYd8cEv+m/JBfDLioYcfXoaw==

rfdc@^1.3.0:
  version "1.3.1"
  resolved "https://registry.yarnpkg.com/rfdc/-/rfdc-1.3.1.tgz#2b6d4df52dffe8bb346992a10ea9451f24373a8f"
  integrity sha512-r5a3l5HzYlIC68TpmYKlxWjmOP6wiPJ1vWv2HeLhNsRZMrCkxeqxiHlQ21oXmQ4F3SiryXBHhAD7JZqvOJjFmg==

ulid@^2.3.0:
  version "2.3.0"
  resolved "https://registry.yarnpkg.com/ulid/-/ulid-2.3.0.tgz#93063522771a9774121a84d126ecd3eb9804071f"
  integrity sha512-keqHubrlpvT6G2wH0OEfSW4mquYRcbe/J8NMmveoQOjUqmo+hXtO+ORCpWhdbZ7k72UtY61BL7haGxW6enBnjw==
